
Microsoft Visual Studio Solution File, Format Version 12.00
# Visual Studio Version 16
VisualStudioVersion = 16.0.32228.343
MinimumVisualStudioVersion = 10.0.40219.1
Project("{FAE04EC0-301F-11D3-BF4B-00C04F79EFBC}") = "KuzbassEnergo", "KuzbassEnergo.csproj", "{6EC2CBF8-D737-4481-B1FE-01A3DAAB246D}"
EndProject
Global
	GlobalSection(SolutionConfigurationPlatforms) = preSolution
		Debug|Any CPU = Debug|Any CPU
		Release|Any CPU = Release|Any CPU
	EndGlobalSection
	GlobalSection(ProjectConfigurationPlatforms) = postSolution
		{6EC2CBF8-D737-4481-B1FE-01A3DAAB246D}.Debug|Any CPU.ActiveCfg = Debug|Any CPU
		{6EC2CBF8-D737-4481-B1FE-01A3DAAB246D}.Debug|Any CPU.Build.0 = Debug|Any CPU
		{6EC2CBF8-D737-4481-B1FE-01A3DAAB246D}.Release|Any CPU.ActiveCfg = Release|Any CPU
		{6EC2CBF8-D737-4481-B1FE-01A3DAAB246D}.Release|Any CPU.Build.0 = Release|Any CPU
	EndGlobalSection
	GlobalSection(SolutionProperties) = preSolution
		HideSolutionNode = FALSE
	EndGlobalSection
	GlobalSection(ExtensibilityGlobals) = postSolution
		SolutionGuid = {28E3CFF8-72EB-4471-B2B6-003AEF713174}
	EndGlobalSection
EndGlobal
